
Microsoft Visual Studio Solution File, Format Version 12.00
# Visual Studio Version 16
VisualStudioVersion = 16.0.30413.136
MinimumVisualStudioVersion = 10.0.40219.1
Project("{FAE04EC0-301F-11D3-BF4B-00C04F79EFBC}") = "SnowBall.Android", "SnowBall\SnowBall.Android\SnowBall.Android.csproj", "{0EAE49B6-67DC-4A35-8A00-508A84FCC7C2}"
EndProject
Project("{9A19103F-16F7-4668-BE54-9A1E7A4F7556}") = "SnowBall", "SnowBall\SnowBall\SnowBall.csproj", "{C4669FBD-56B0-4E4A-A505-2173902BAAFE}"
EndProject
Global
	GlobalSection(SolutionConfigurationPlatforms) = preSolution
		Debug|Any CPU = Debug|Any CPU
		Debug|ARM = Debug|ARM
		Debug|iPhone = Debug|iPhone
		Debug|iPhoneSimulator = Debug|iPhoneSimulator
		Debug|x64 = Debug|x64
		Debug|x86 = Debug|x86
		Release|Any CPU = Release|Any CPU
		Release|ARM = Release|ARM
		Release|iPhone = Release|iPhone
		Release|iPhoneSimulator = Release|iPhoneSimulator
		Release|x64 = Release|x64
		Release|x86 = Release|x86
	EndGlobalSection
	GlobalSection(ProjectConfigurationPlatforms) = postSolution
		{0EAE49B6-67DC-4A35-8A00-508A84FCC7C2}.Debug|Any CPU.ActiveCfg = Debug|Any CPU
		{0EAE49B6-67DC-4A35-8A00-508A84FCC7C2}.Debug|Any CPU.Build.0 = Debug|Any CPU
		{0EAE49B6-67DC-4A35-8A00-508A84FCC7C2}.Debug|Any CPU.Deploy.0 = Debug|Any CPU
		{0EAE49B6-67DC-4A35-8A00-508A84FCC7C2}.Debug|ARM.ActiveCfg = Debug|Any CPU
		{0EAE49B6-67DC-4A35-8A00-508A84FCC7C2}.Debug|ARM.Build.0 = Debug|Any CPU
		{0EAE49B6-67DC-4A35-8A00-508A84FCC7C2}.Debug|ARM.Deploy.0 = Debug|Any CPU
		{0EAE49B6-67DC-4A35-8A00-508A84FCC7C2}.Debug|iPhone.ActiveCfg = Debug|Any CPU
		{0EAE49B6-67DC-4A35-8A00-508A84FCC7C2}.Debug|iPhone.Build.0 = Debug|Any CPU
		{0EAE49B6-67DC-4A35-8A00-508A84FCC7C2}.Debug|iPhone.Deploy.0 = Debug|Any CPU
		{0EAE49B6-67DC-4A35-8A00-508A84FCC7C2}.Debug|iPhoneSimulator.ActiveCfg = Debug|Any CPU
		{0EAE49B6-67DC-4A35-8A00-508A84FCC7C2}.Debug|iPhoneSimulator.Build.0 = Debug|Any CPU
		{0EAE49B6-67DC-4A35-8A00-508A84FCC7C2}.Debug|iPhoneSimulator.Deploy.0 = Debug|Any CPU
		{0EAE49B6-67DC-4A35-8A00-508A84FCC7C2}.Debug|x64.ActiveCfg = Debug|Any CPU
		{0EAE49B6-67DC-4A35-8A00-508A84FCC7C2}.Debug|x64.Build.0 = Debug|Any CPU
		{0EAE49B6-67DC-4A35-8A00-508A84FCC7C2}.Debug|x64.Deploy.0 = Debug|Any CPU
		{0EAE49B6-67DC-4A35-8A00-508A84FCC7C2}.Debug|x86.ActiveCfg = Debug|Any CPU
		{0EAE49B6-67DC-4A35-8A00-508A84FCC7C2}.Debug|x86.Build.0 = Debug|Any CPU
		{0EAE49B6-67DC-4A35-8A00-508A84FCC7C2}.Debug|x86.Deploy.0 = Debug|Any CPU
		{0EAE49B6-67DC-4A35-8A00-508A84FCC7C2}.Release|Any CPU.ActiveCfg = Release|Any CPU
		{0EAE49B6-67DC-4A35-8A00-508A84FCC7C2}.Release|Any CPU.Build.0 = Release|Any CPU
		{0EAE49B6-67DC-4A35-8A00-508A84FCC7C2}.Release|Any CPU.Deploy.0 = Release|Any CPU
		{0EAE49B6-67DC-4A35-8A00-508A84FCC7C2}.Release|ARM.ActiveCfg = Release|Any CPU
		{0EAE49B6-67DC-4A35-8A00-508A84FCC7C2}.Release|ARM.Build.0 = Release|Any CPU
		{0EAE49B6-67DC-4A35-8A00-508A84FCC7C2}.Release|ARM.Deploy.0 = Release|Any CPU
		{0EAE49B6-67DC-4A35-8A00-508A84FCC7C2}.Release|iPhone.ActiveCfg = Release|Any CPU
		{0EAE49B6-67DC-4A35-8A00-508A84FCC7C2}.Release|iPhone.Build.0 = Release|Any CPU
		{0EAE49B6-67DC-4A35-8A00-508A84FCC7C2}.Release|iPhone.Deploy.0 = Release|Any CPU
		{0EAE49B6-67DC-4A35-8A00-508A84FCC7C2}.Release|iPhoneSimulator.ActiveCfg = Release|Any CPU
		{0EAE49B6-67DC-4A35-8A00-508A84FCC7C2}.Release|iPhoneSimulator.Build.0 = Release|Any CPU
		{0EAE49B6-67DC-4A35-8A00-508A84FCC7C2}.Release|iPhoneSimulator.Deploy.0 = Release|Any CPU
		{0EAE49B6-67DC-4A35-8A00-508A84FCC7C2}.Release|x64.ActiveCfg = Release|Any CPU
		{0EAE49B6-67DC-4A35-8A00-508A84FCC7C2}.Release|x64.Build.0 = Release|Any CPU
		{0EAE49B6-67DC-4A35-8A00-508A84FCC7C2}.Release|x64.Deploy.0 = Release|Any CPU
		{0EAE49B6-67DC-4A35-8A00-508A84FCC7C2}.Release|x86.ActiveCfg = Release|Any CPU
		{0EAE49B6-67DC-4A35-8A00-508A84FCC7C2}.Release|x86.Build.0 = Release|Any CPU
		{0EAE49B6-67DC-4A35-8A00-508A84FCC7C2}.Release|x86.Deploy.0 = Release|Any CPU
		{C4669FBD-56B0-4E4A-A505-2173902BAAFE}.Debug|Any CPU.ActiveCfg = Debug|Any CPU
		{C4669FBD-56B0-4E4A-A505-2173902BAAFE}.Debug|Any CPU.Build.0 = Debug|Any CPU
		{C4669FBD-56B0-4E4A-A505-2173902BAAFE}.Debug|Any CPU.Deploy.0 = Debug|Any CPU
		{C4669FBD-56B0-4E4A-A505-2173902BAAFE}.Debug|ARM.ActiveCfg = Debug|Any CPU
		{C4669FBD-56B0-4E4A-A505-2173902BAAFE}.Debug|ARM.Build.0 = Debug|Any CPU
		{C4669FBD-56B0-4E4A-A505-2173902BAAFE}.Debug|ARM.Deploy.0 = Debug|Any CPU
		{C4669FBD-56B0-4E4A-A505-2173902BAAFE}.Debug|iPhone.ActiveCfg = Debug|Any CPU
		{C4669FBD-56B0-4E4A-A505-2173902BAAFE}.Debug|iPhone.Build.0 = Debug|Any CPU
		{C4669FBD-56B0-4E4A-A505-2173902BAAFE}.Debug|iPhone.Deploy.0 = Debug|Any CPU
		{C4669FBD-56B0-4E4A-A505-2173902BAAFE}.Debug|iPhoneSimulator.ActiveCfg = Debug|Any CPU
		{C4669FBD-56B0-4E4A-A505-2173902BAAFE}.Debug|iPhoneSimulator.Build.0 = Debug|Any CPU
		{C4669FBD-56B0-4E4A-A505-2173902BAAFE}.Debug|iPhoneSimulator.Deploy.0 = Debug|Any CPU
		{C4669FBD-56B0-4E4A-A505-2173902BAAFE}.Debug|x64.ActiveCfg = Debug|Any CPU
		{C4669FBD-56B0-4E4A-A505-2173902BAAFE}.Debug|x64.Build.0 = Debug|Any CPU
		{C4669FBD-56B0-4E4A-A505-2173902BAAFE}.Debug|x64.Deploy.0 = Debug|Any CPU
		{C4669FBD-56B0-4E4A-A505-2173902BAAFE}.Debug|x86.ActiveCfg = Debug|Any CPU
		{C4669FBD-56B0-4E4A-A505-2173902BAAFE}.Debug|x86.Build.0 = Debug|Any CPU
		{C4669FBD-56B0-4E4A-A505-2173902BAAFE}.Debug|x86.Deploy.0 = Debug|Any CPU
		{C4669FBD-56B0-4E4A-A505-2173902BAAFE}.Release|Any CPU.ActiveCfg = Release|Any CPU
		{C4669FBD-56B0-4E4A-A505-2173902BAAFE}.Release|Any CPU.Build.0 = Release|Any CPU
		{C4669FBD-56B0-4E4A-A505-2173902BAAFE}.Release|Any CPU.Deploy.0 = Release|Any CPU
		{C4669FBD-56B0-4E4A-A505-2173902BAAFE}.Release|ARM.ActiveCfg = Release|Any CPU
		{C4669FBD-56B0-4E4A-A505-2173902BAAFE}.Release|ARM.Build.0 = Release|Any CPU
		{C4669FBD-56B0-4E4A-A505-2173902BAAFE}.Release|ARM.Deploy.0 = Release|Any CPU
		{C4669FBD-56B0-4E4A-A505-2173902BAAFE}.Release|iPhone.ActiveCfg = Release|Any CPU
		{C4669FBD-56B0-4E4A-A505-2173902BAAFE}.Release|iPhone.Build.0 = Release|Any CPU
		{C4669FBD-56B0-4E4A-A505-2173902BAAFE}.Release|iPhone.Deploy.0 = Release|Any CPU
		{C4669FBD-56B0-4E4A-A505-2173902BAAFE}.Release|iPhoneSimulator.ActiveCfg = Release|Any CPU
		{C4669FBD-56B0-4E4A-A505-2173902BAAFE}.Release|iPhoneSimulator.Build.0 = Release|Any CPU
		{C4669FBD-56B0-4E4A-A505-2173902BAAFE}.Release|iPhoneSimulator.Deploy.0 = Release|Any CPU
		{C4669FBD-56B0-4E4A-A505-2173902BAAFE}.Release|x64.ActiveCfg = Release|Any CPU
		{C4669FBD-56B0-4E4A-A505-2173902BAAFE}.Release|x64.Build.0 = Release|Any CPU
		{C4669FBD-56B0-4E4A-A505-2173902BAAFE}.Release|x64.Deploy.0 = Release|Any CPU
		{C4669FBD-56B0-4E4A-A505-2173902BAAFE}.Release|x86.ActiveCfg = Release|Any CPU
		{C4669FBD-56B0-4E4A-A505-2173902BAAFE}.Release|x86.Build.0 = Release|Any CPU
		{C4669FBD-56B0-4E4A-A505-2173902BAAFE}.Release|x86.Deploy.0 = Release|Any CPU
	EndGlobalSection
	GlobalSection(SolutionProperties) = preSolution
		HideSolutionNode = FALSE
	EndGlobalSection
	GlobalSection(ExtensibilityGlobals) = postSolution
		SolutionGuid = {19B03CBE-FA36-4ABF-8FE8-947B92558CF0}
	EndGlobalSection
EndGlobal
